Microsoft Visual Studio Solution File, Format Version 12.00
# Visual Studio Version 17
VisualStudioVersion = 17.5.2.0
MinimumVisualStudioVersion = 10.0.40219.1
Project("{2150E333-8FDC-42A3-9474-1A3956D46DE8}") = "RDETS", "RDETS", "{6D002CB0-A061-878E-2FAC-4B0A1138DBEE}"
EndProject
Project("{FAE04EC0-301F-11D3-BF4B-00C04F79EFBC}") = "RDETSApp", "RDETS\RDETSApp\RDETSApp.csproj", "{533E33B6-6960-D707-1607-745637B8E276}"
EndProject
Global
	GlobalSection(SolutionConfigurationPlatforms) = preSolution
		Debug|Any CPU = Debug|Any CPU
		Release|Any CPU = Release|Any CPU
	EndGlobalSection
	GlobalSection(ProjectConfigurationPlatforms) = postSolution
		{533E33B6-6960-D707-1607-745637B8E276}.Debug|Any CPU.ActiveCfg = Debug|Any CPU
		{533E33B6-6960-D707-1607-745637B8E276}.Debug|Any CPU.Build.0 = Debug|Any CPU
		{533E33B6-6960-D707-1607-745637B8E276}.Release|Any CPU.ActiveCfg = Release|Any CPU
		{533E33B6-6960-D707-1607-745637B8E276}.Release|Any CPU.Build.0 = Release|Any CPU
	EndGlobalSection
	GlobalSection(SolutionProperties) = preSolution
		HideSolutionNode = FALSE
	EndGlobalSection
	GlobalSection(NestedProjects) = preSolution
		{533E33B6-6960-D707-1607-745637B8E276} = {6D002CB0-A061-878E-2FAC-4B0A1138DBEE}
	EndGlobalSection
	GlobalSection(ExtensibilityGlobals) = postSolution
		SolutionGuid = {D330E68B-9BEA-4193-8EBB-E9C884E40B59}
	EndGlobalSection
EndGlobal
